// !$*UTF8*$!
{
	archiveVersion = 1;
	classes = {
	};
	objectVersion = 56;
	objects = {

/* Begin PBXBuildFile section */
		8D27B5262A8E24C70014A965 /* ResultsPresenterTest.swift in Sources */ = {isa = PBXBuildFile; fileRef = 8D27B5252A8E24C70014A965 /* ResultsPresenterTest.swift */; };
		8D27B52A2A8E28300014A965 /* ResultsPresenter.swift in Sources */ = {isa = PBXBuildFile; fileRef = 8D27B5292A8E28300014A965 /* ResultsPresenter.swift */; };
		8D3CD69A2A7D10720090DE7C /* ResultViewControllerTest.swift in Sources */ = {isa = PBXBuildFile; fileRef = 8D3CD6992A7D10720090DE7C /* ResultViewControllerTest.swift */; };
		8D3CD69C2A7D109E0090DE7C /* ResultViewController.swift in Sources */ = {isa = PBXBuildFile; fileRef = 8D3CD69B2A7D109E0090DE7C /* ResultViewController.swift */; };
		8D3CD69E2A7D111D0090DE7C /* ResultViewController.xib in Resources */ = {isa = PBXBuildFile; fileRef = 8D3CD69D2A7D111D0090DE7C /* ResultViewController.xib */; };
		8D83FB7D2A8524BE008B5E18 /* QuizEngine.framework in Frameworks */ = {isa = PBXBuildFile; fileRef = 8D83FB7C2A8524BE008B5E18 /* QuizEngine.framework */; };
		8D83FB7E2A8524BE008B5E18 /* QuizEngine.framework in Embed Frameworks */ = {isa = PBXBuildFile; fileRef = 8D83FB7C2A8524BE008B5E18 /* QuizEngine.framework */; settings = {ATTRIBUTES = (CodeSignOnCopy, RemoveHeadersOnCopy, ); }; };
		8D83FB812A8525B0008B5E18 /* NavigationControllerRouterTest.swift in Sources */ = {isa = PBXBuildFile; fileRef = 8D83FB802A8525B0008B5E18 /* NavigationControllerRouterTest.swift */; };
		8D83FB832A852682008B5E18 /* NavigationControllerRouter.swift in Sources */ = {isa = PBXBuildFile; fileRef = 8D83FB822A852682008B5E18 /* NavigationControllerRouter.swift */; };
		8D9FAD8A2A863AB5008A6658 /* QuestionTest.swift in Sources */ = {isa = PBXBuildFile; fileRef = 8D9FAD892A863AB5008A6658 /* QuestionTest.swift */; };
		8D9FAD8C2A864056008A6658 /* Question.swift in Sources */ = {isa = PBXBuildFile; fileRef = 8D9FAD8B2A864056008A6658 /* Question.swift */; };
		8D9FAD8E2A867787008A6658 /* ViewControllerFactory.swift in Sources */ = {isa = PBXBuildFile; fileRef = 8D9FAD8D2A867787008A6658 /* ViewControllerFactory.swift */; };
		8D9FAD902A86781D008A6658 /* iOSViewControllerFactoryTest.swift in Sources */ = {isa = PBXBuildFile; fileRef = 8D9FAD8F2A86781D008A6658 /* iOSViewControllerFactoryTest.swift */; };
		8D9FAD922A867963008A6658 /* iOSViewControllerFactory.swift in Sources */ = {isa = PBXBuildFile; fileRef = 8D9FAD912A867963008A6658 /* iOSViewControllerFactory.swift */; };
		8DB9851A2A8E6D7C00FA68EB /* QuestionPresenterTest.swift in Sources */ = {isa = PBXBuildFile; fileRef = 8DB985192A8E6D7C00FA68EB /* QuestionPresenterTest.swift */; };
		8DB9851C2A8E711B00FA68EB /* QuestionPresenter.swift in Sources */ = {isa = PBXBuildFile; fileRef = 8DB9851B2A8E711B00FA68EB /* QuestionPresenter.swift */; };
		8DBA45B72A7D190E0042E026 /* TableViewHelpers.swift in Sources */ = {isa = PBXBuildFile; fileRef = 8DBA45B62A7D190E0042E026 /* TableViewHelpers.swift */; };
		8DBA45B92A7D226A0042E026 /* CorrectAnswerCell.xib in Resources */ = {isa = PBXBuildFile; fileRef = 8DBA45B82A7D226A0042E026 /* CorrectAnswerCell.xib */; };
		8DBA45BB2A7D27150042E026 /* WrongAnswerCell.xib in Resources */ = {isa = PBXBuildFile; fileRef = 8DBA45BA2A7D27150042E026 /* WrongAnswerCell.xib */; };
		8DBA45BD2A7D36AF0042E026 /* UITableView+Extensions.swift in Sources */ = {isa = PBXBuildFile; fileRef = 8DBA45BC2A7D36AF0042E026 /* UITableView+Extensions.swift */; };
		8DBA45BF2A7D36F90042E026 /* PresentableAnswer.swift in Sources */ = {isa = PBXBuildFile; fileRef = 8DBA45BE2A7D36F90042E026 /* PresentableAnswer.swift */; };
		8DBA45C12A7D370C0042E026 /* CorrectAnswerCell.swift in Sources */ = {isa = PBXBuildFile; fileRef = 8DBA45C02A7D370C0042E026 /* CorrectAnswerCell.swift */; };
		8DBA45C32A7D371D0042E026 /* WrongAnswerCell.swift in Sources */ = {isa = PBXBuildFile; fileRef = 8DBA45C22A7D371D0042E026 /* WrongAnswerCell.swift */; };
		8DD24B802A7BEF24002C26E7 /* AppDelegate.swift in Sources */ = {isa = PBXBuildFile; fileRef = 8DD24B7F2A7BEF24002C26E7 /* AppDelegate.swift */; };
		8DD24B822A7BEF24002C26E7 /* SceneDelegate.swift in Sources */ = {isa = PBXBuildFile; fileRef = 8DD24B812A7BEF24002C26E7 /* SceneDelegate.swift */; };
		8DD24B892A7BEF26002C26E7 /* Assets.xcassets in Resources */ = {isa = PBXBuildFile; fileRef = 8DD24B882A7BEF26002C26E7 /* Assets.xcassets */; };
		8DD24B8C2A7BEF26002C26E7 /* LaunchScreen.storyboard in Resources */ = {isa = PBXBuildFile; fileRef = 8DD24B8A2A7BEF26002C26E7 /* LaunchScreen.storyboard */; };
		8DD24B972A7BEF26002C26E7 /* QuizAppTests.swift in Sources */ = {isa = PBXBuildFile; fileRef = 8DD24B962A7BEF26002C26E7 /* QuizAppTests.swift */; };
		8DD24BB02A7BEF7E002C26E7 /* QuestionViewControllerTest.swift in Sources */ = {isa = PBXBuildFile; fileRef = 8DD24BAF2A7BEF7E002C26E7 /* QuestionViewControllerTest.swift */; };
		8DD24BB22A7BF052002C26E7 /* QuestionViewController.swift in Sources */ = {isa = PBXBuildFile; fileRef = 8DD24BB12A7BF052002C26E7 /* QuestionViewController.swift */; };
		8DD24BB42A7BF14D002C26E7 /* QuestionViewController.xib in Resources */ = {isa = PBXBuildFile; fileRef = 8DD24BB32A7BF14D002C26E7 /* QuestionViewController.xib */; };
/* End PBXBuildFile section */

/* Begin PBXContainerItemProxy section */
		8DD24B932A7BEF26002C26E7 /* PBXContainerItemProxy */ = {
			isa = PBXContainerItemProxy;
			containerPortal = 8DD24B742A7BEF24002C26E7 /* Project object */;
			proxyType = 1;
			remoteGlobalIDString = 8DD24B7B2A7BEF24002C26E7;
			remoteInfo = QuizApp;
		};
/* End PBXContainerItemProxy section */

/* Begin PBXCopyFilesBuildPhase section */
		8D83FB7F2A8524BE008B5E18 /* Embed Frameworks */ = {
			isa = PBXCopyFilesBuildPhase;
			buildActionMask = 2147483647;
			dstPath = "";
			dstSubfolderSpec = 10;
			files = (
				8D83FB7E2A8524BE008B5E18 /* QuizEngine.framework in Embed Frameworks */,
			);
			name = "Embed Frameworks";
			runOnlyForDeploymentPostprocessing = 0;
		};
/* End PBXCopyFilesBuildPhase section */

/* Begin PBXFileReference section */
		8D27B5252A8E24C70014A965 /* ResultsPresenterTest.swift */ = {isa = PBXFileReference; lastKnownFileType = sourcecode.swift; path = ResultsPresenterTest.swift; sourceTree = "<group>"; };
		8D27B5292A8E28300014A965 /* ResultsPresenter.swift */ = {isa = PBXFileReference; lastKnownFileType = sourcecode.swift; path = ResultsPresenter.swift; sourceTree = "<group>"; };
		8D3CD6992A7D10720090DE7C /* ResultViewControllerTest.swift */ = {isa = PBXFileReference; lastKnownFileType = sourcecode.swift; path = ResultViewControllerTest.swift; sourceTree = "<group>"; };
		8D3CD69B2A7D109E0090DE7C /* ResultViewController.swift */ = {isa = PBXFileReference; lastKnownFileType = sourcecode.swift; path = ResultViewController.swift; sourceTree = "<group>"; };
		8D3CD69D2A7D111D0090DE7C /* ResultViewController.xib */ = {isa = PBXFileReference; lastKnownFileType = file.xib; path = ResultViewController.xib; sourceTree = "<group>"; };
		8D83FB7C2A8524BE008B5E18 /* QuizEngine.framework */ = {isa = PBXFileReference; explicitFileType = wrapper.framework; path = QuizEngine.framework; sourceTree = BUILT_PRODUCTS_DIR; };
		8D83FB802A8525B0008B5E18 /* NavigationControllerRouterTest.swift */ = {isa = PBXFileReference; lastKnownFileType = sourcecode.swift; path = NavigationControllerRouterTest.swift; sourceTree = "<group>"; };
		8D83FB822A852682008B5E18 /* NavigationControllerRouter.swift */ = {isa = PBXFileReference; lastKnownFileType = sourcecode.swift; path = NavigationControllerRouter.swift; sourceTree = "<group>"; };
		8D9FAD892A863AB5008A6658 /* QuestionTest.swift */ = {isa = PBXFileReference; lastKnownFileType = sourcecode.swift; path = QuestionTest.swift; sourceTree = "<group>"; };
		8D9FAD8B2A864056008A6658 /* Question.swift */ = {isa = PBXFileReference; lastKnownFileType = sourcecode.swift; path = Question.swift; sourceTree = "<group>"; };
		8D9FAD8D2A867787008A6658 /* ViewControllerFactory.swift */ = {isa = PBXFileReference; lastKnownFileType = sourcecode.swift; path = ViewControllerFactory.swift; sourceTree = "<group>"; };
		8D9FAD8F2A86781D008A6658 /* iOSViewControllerFactoryTest.swift */ = {isa = PBXFileReference; lastKnownFileType = sourcecode.swift; path = iOSViewControllerFactoryTest.swift; sourceTree = "<group>"; };
		8D9FAD912A867963008A6658 /* iOSViewControllerFactory.swift */ = {isa = PBXFileReference; lastKnownFileType = sourcecode.swift; path = iOSViewControllerFactory.swift; sourceTree = "<group>"; };
		8DB985192A8E6D7C00FA68EB /* QuestionPresenterTest.swift */ = {isa = PBXFileReference; lastKnownFileType = sourcecode.swift; path = QuestionPresenterTest.swift; sourceTree = "<group>"; };
		8DB9851B2A8E711B00FA68EB /* QuestionPresenter.swift */ = {isa = PBXFileReference; lastKnownFileType = sourcecode.swift; path = QuestionPresenter.swift; sourceTree = "<group>"; };
		8DBA45B62A7D190E0042E026 /* TableViewHelpers.swift */ = {isa = PBXFileReference; lastKnownFileType = sourcecode.swift; path = TableViewHelpers.swift; sourceTree = "<group>"; };
		8DBA45B82A7D226A0042E026 /* CorrectAnswerCell.xib */ = {isa = PBXFileReference; lastKnownFileType = file.xib; path = CorrectAnswerCell.xib; sourceTree = "<group>"; };
		8DBA45BA2A7D27150042E026 /* WrongAnswerCell.xib */ = {isa = PBXFileReference; lastKnownFileType = file.xib; path = WrongAnswerCell.xib; sourceTree = "<group>"; };
		8DBA45BC2A7D36AF0042E026 /* UITableView+Extensions.swift */ = {isa = PBXFileReference; lastKnownFileType = sourcecode.swift; path = "UITableView+Extensions.swift"; sourceTree = "<group>"; };
		8DBA45BE2A7D36F90042E026 /* PresentableAnswer.swift */ = {isa = PBXFileReference; lastKnownFileType = sourcecode.swift; path = PresentableAnswer.swift; sourceTree = "<group>"; };
		8DBA45C02A7D370C0042E026 /* CorrectAnswerCell.swift */ = {isa = PBXFileReference; lastKnownFileType = sourcecode.swift; path = CorrectAnswerCell.swift; sourceTree = "<group>"; };
		8DBA45C22A7D371D0042E026 /* WrongAnswerCell.swift */ = {isa = PBXFileReference; lastKnownFileType = sourcecode.swift; path = WrongAnswerCell.swift; sourceTree = "<group>"; };
		8DD24B7C2A7BEF24002C26E7 /* QuizApp.app */ = {isa = PBXFileReference; explicitFileType = wrapper.application; includeInIndex = 0; path = QuizApp.app; sourceTree = BUILT_PRODUCTS_DIR; };
		8DD24B7F2A7BEF24002C26E7 /* AppDelegate.swift */ = {isa = PBXFileReference; lastKnownFileType = sourcecode.swift; path = AppDelegate.swift; sourceTree = "<group>"; };
		8DD24B812A7BEF24002C26E7 /* SceneDelegate.swift */ = {isa = PBXFileReference; lastKnownFileType = sourcecode.swift; path = SceneDelegate.swift; sourceTree = "<group>"; };
		8DD24B882A7BEF26002C26E7 /* Assets.xcassets */ = {isa = PBXFileReference; lastKnownFileType = folder.assetcatalog; path = Assets.xcassets; sourceTree = "<group>"; };
		8DD24B8B2A7BEF26002C26E7 /* Base */ = {isa = PBXFileReference; lastKnownFileType = file.storyboard; name = Base; path = Base.lproj/LaunchScreen.storyboard; sourceTree = "<group>"; };
		8DD24B8D2A7BEF26002C26E7 /* Info.plist */ = {isa = PBXFileReference; lastKnownFileType = text.plist.xml; path = Info.plist; sourceTree = "<group>"; };
		8DD24B922A7BEF26002C26E7 /* QuizAppTests.xctest */ = {isa = PBXFileReference; explicitFileType = wrapper.cfbundle; includeInIndex = 0; path = QuizAppTests.xctest; sourceTree = BUILT_PRODUCTS_DIR; };
		8DD24B962A7BEF26002C26E7 /* QuizAppTests.swift */ = {isa = PBXFileReference; lastKnownFileType = sourcecode.swift; path = QuizAppTests.swift; sourceTree = "<group>"; };
		8DD24BAF2A7BEF7E002C26E7 /* QuestionViewControllerTest.swift */ = {isa = PBXFileReference; lastKnownFileType = sourcecode.swift; path = QuestionViewControllerTest.swift; sourceTree = "<group>"; };
		8DD24BB12A7BF052002C26E7 /* QuestionViewController.swift */ = {isa = PBXFileReference; lastKnownFileType = sourcecode.swift; path = QuestionViewController.swift; sourceTree = "<group>"; };
		8DD24BB32A7BF14D002C26E7 /* QuestionViewController.xib */ = {isa = PBXFileReference; lastKnownFileType = file.xib; path = QuestionViewController.xib; sourceTree = "<group>"; };
/* End PBXFileReference section */

/* Begin PBXFrameworksBuildPhase section */
		8DD24B792A7BEF24002C26E7 /* Frameworks */ = {
			isa = PBXFrameworksBuildPhase;
			buildActionMask = 2147483647;
			files = (
				8D83FB7D2A8524BE008B5E18 /* QuizEngine.framework in Frameworks */,
			);
			runOnlyForDeploymentPostprocessing = 0;
		};
		8DD24B8F2A7BEF26002C26E7 /* Frameworks */ = {
			isa = PBXFrameworksBuildPhase;
			buildActionMask = 2147483647;
			files = (
			);
			runOnlyForDeploymentPostprocessing = 0;
		};
/* End PBXFrameworksBuildPhase section */

/* Begin PBXGroup section */
		8D83FB7B2A8524BE008B5E18 /* Frameworks */ = {
			isa = PBXGroup;
			children = (
				8D83FB7C2A8524BE008B5E18 /* QuizEngine.framework */,
			);
			name = Frameworks;
			sourceTree = "<group>";
		};
		8DD24B732A7BEF24002C26E7 = {
			isa = PBXGroup;
			children = (
				8DD24B7E2A7BEF24002C26E7 /* QuizApp */,
				8DD24B952A7BEF26002C26E7 /* QuizAppTests */,
				8DD24B7D2A7BEF24002C26E7 /* Products */,
				8D83FB7B2A8524BE008B5E18 /* Frameworks */,
			);
			sourceTree = "<group>";
		};
		8DD24B7D2A7BEF24002C26E7 /* Products */ = {
			isa = PBXGroup;
			children = (
				8DD24B7C2A7BEF24002C26E7 /* QuizApp.app */,
				8DD24B922A7BEF26002C26E7 /* QuizAppTests.xctest */,
			);
			name = Products;
			sourceTree = "<group>";
		};
		8DD24B7E2A7BEF24002C26E7 /* QuizApp */ = {
			isa = PBXGroup;
			children = (
				8DD24B7F2A7BEF24002C26E7 /* AppDelegate.swift */,
				8DD24B812A7BEF24002C26E7 /* SceneDelegate.swift */,
				8DBA45BC2A7D36AF0042E026 /* UITableView+Extensions.swift */,
				8DD24BB12A7BF052002C26E7 /* QuestionViewController.swift */,
				8DBA45BE2A7D36F90042E026 /* PresentableAnswer.swift */,
				8D3CD69B2A7D109E0090DE7C /* ResultViewController.swift */,
				8DBA45C22A7D371D0042E026 /* WrongAnswerCell.swift */,
				8DBA45C02A7D370C0042E026 /* CorrectAnswerCell.swift */,
				8DBA45BA2A7D27150042E026 /* WrongAnswerCell.xib */,
				8DBA45B82A7D226A0042E026 /* CorrectAnswerCell.xib */,
				8D3CD69D2A7D111D0090DE7C /* ResultViewController.xib */,
				8DD24BB32A7BF14D002C26E7 /* QuestionViewController.xib */,
				8DD24B882A7BEF26002C26E7 /* Assets.xcassets */,
				8DD24B8A2A7BEF26002C26E7 /* LaunchScreen.storyboard */,
				8DD24B8D2A7BEF26002C26E7 /* Info.plist */,
				8D83FB822A852682008B5E18 /* NavigationControllerRouter.swift */,
				8D9FAD8B2A864056008A6658 /* Question.swift */,
				8D9FAD912A867963008A6658 /* iOSViewControllerFactory.swift */,
				8D9FAD8D2A867787008A6658 /* ViewControllerFactory.swift */,
				8D27B5292A8E28300014A965 /* ResultsPresenter.swift */,
				8DB9851B2A8E711B00FA68EB /* QuestionPresenter.swift */,
			);
			path = QuizApp;
			sourceTree = "<group>";
		};
		8DD24B952A7BEF26002C26E7 /* QuizAppTests */ = {
			isa = PBXGroup;
			children = (
				8DD24B962A7BEF26002C26E7 /* QuizAppTests.swift */,
				8DD24BAF2A7BEF7E002C26E7 /* QuestionViewControllerTest.swift */,
				8D3CD6992A7D10720090DE7C /* ResultViewControllerTest.swift */,
				8DBA45B62A7D190E0042E026 /* TableViewHelpers.swift */,
				8D83FB802A8525B0008B5E18 /* NavigationControllerRouterTest.swift */,
				8D9FAD892A863AB5008A6658 /* QuestionTest.swift */,
				8D9FAD8F2A86781D008A6658 /* iOSViewControllerFactoryTest.swift */,
				8D27B5252A8E24C70014A965 /* ResultsPresenterTest.swift */,
				8DB985192A8E6D7C00FA68EB /* QuestionPresenterTest.swift */,
			);
			path = QuizAppTests;
			sourceTree = "<group>";
		};
/* End PBXGroup section */

/* Begin PBXNativeTarget section */
		8DD24B7B2A7BEF24002C26E7 /* QuizApp */ = {
			isa = PBXNativeTarget;
			buildConfigurationList = 8DD24BA62A7BEF26002C26E7 /* Build configuration list for PBXNativeTarget "QuizApp" */;
			buildPhases = (
				8DD24B782A7BEF24002C26E7 /* Sources */,
				8DD24B792A7BEF24002C26E7 /* Frameworks */,
				8DD24B7A2A7BEF24002C26E7 /* Resources */,
				8D83FB7F2A8524BE008B5E18 /* Embed Frameworks */,
			);
			buildRules = (
			);
			dependencies = (
			);
			name = QuizApp;
			productName = QuizApp;
			productReference = 8DD24B7C2A7BEF24002C26E7 /* QuizApp.app */;
			productType = "com.apple.product-type.application";
		};
		8DD24B912A7BEF26002C26E7 /* QuizAppTests */ = {
			isa = PBXNativeTarget;
			buildConfigurationList = 8DD24BA92A7BEF26002C26E7 /* Build configuration list for PBXNativeTarget "QuizAppTests" */;
			buildPhases = (
				8DD24B8E2A7BEF26002C26E7 /* Sources */,
				8DD24B8F2A7BEF26002C26E7 /* Frameworks */,
				8DD24B902A7BEF26002C26E7 /* Resources */,
			);
			buildRules = (
			);
			dependencies = (
				8DD24B942A7BEF26002C26E7 /* PBXTargetDependency */,
			);
			name = QuizAppTests;
			productName = QuizAppTests;
			productReference = 8DD24B922A7BEF26002C26E7 /* QuizAppTests.xctest */;
			productType = "com.apple.product-type.bundle.unit-test";
		};
/* End PBXNativeTarget section */

/* Begin PBXProject section */
		8DD24B742A7BEF24002C26E7 /* Project object */ = {
			isa = PBXProject;
			attributes = {
				BuildIndependentTargetsInParallel = 1;
				LastSwiftUpdateCheck = 1430;
				LastUpgradeCheck = 1430;
				TargetAttributes = {
					8DD24B7B2A7BEF24002C26E7 = {
						CreatedOnToolsVersion = 14.3.1;
					};
					8DD24B912A7BEF26002C26E7 = {
						CreatedOnToolsVersion = 14.3.1;
						TestTargetID = 8DD24B7B2A7BEF24002C26E7;
					};
				};
			};
			buildConfigurationList = 8DD24B772A7BEF24002C26E7 /* Build configuration list for PBXProject "QuizApp" */;
			compatibilityVersion = "Xcode 14.0";
			developmentRegion = en;
			hasScannedForEncodings = 0;
			knownRegions = (
				en,
				Base,
			);
			mainGroup = 8DD24B732A7BEF24002C26E7;
			productRefGroup = 8DD24B7D2A7BEF24002C26E7 /* Products */;
			projectDirPath = "";
			projectRoot = "";
			targets = (
				8DD24B7B2A7BEF24002C26E7 /* QuizApp */,
				8DD24B912A7BEF26002C26E7 /* QuizAppTests */,
			);
		};
/* End PBXProject section */

/* Begin PBXResourcesBuildPhase section */
		8DD24B7A2A7BEF24002C26E7 /* Resources */ = {
			isa = PBXResourcesBuildPhase;
			buildActionMask = 2147483647;
			files = (
				8DD24B8C2A7BEF26002C26E7 /* LaunchScreen.storyboard in Resources */,
				8DBA45BB2A7D27150042E026 /* WrongAnswerCell.xib in Resources */,
				8DD24B892A7BEF26002C26E7 /* Assets.xcassets in Resources */,
				8DD24BB42A7BF14D002C26E7 /* QuestionViewController.xib in Resources */,
				8DBA45B92A7D226A0042E026 /* CorrectAnswerCell.xib in Resources */,
				8D3CD69E2A7D111D0090DE7C /* ResultViewController.xib in Resources */,
			);
			runOnlyForDeploymentPostprocessing = 0;
		};
		8DD24B902A7BEF26002C26E7 /* Resources */ = {
			isa = PBXResourcesBuildPhase;
			buildActionMask = 2147483647;
			files = (
			);
			runOnlyForDeploymentPostprocessing = 0;
		};
/* End PBXResourcesBuildPhase section */

/* Begin PBXSourcesBuildPhase section */
		8DD24B782A7BEF24002C26E7 /* Sources */ = {
			isa = PBXSourcesBuildPhase;
			buildActionMask = 2147483647;
			files = (
				8DBA45BD2A7D36AF0042E026 /* UITableView+Extensions.swift in Sources */,
				8DD24B802A7BEF24002C26E7 /* AppDelegate.swift in Sources */,
				8D27B52A2A8E28300014A965 /* ResultsPresenter.swift in Sources */,
				8DBA45C12A7D370C0042E026 /* CorrectAnswerCell.swift in Sources */,
				8DD24BB22A7BF052002C26E7 /* QuestionViewController.swift in Sources */,
				8DBA45BF2A7D36F90042E026 /* PresentableAnswer.swift in Sources */,
				8D9FAD8C2A864056008A6658 /* Question.swift in Sources */,
				8DBA45C32A7D371D0042E026 /* WrongAnswerCell.swift in Sources */,
				8DB9851C2A8E711B00FA68EB /* QuestionPresenter.swift in Sources */,
				8D9FAD922A867963008A6658 /* iOSViewControllerFactory.swift in Sources */,
				8D83FB832A852682008B5E18 /* NavigationControllerRouter.swift in Sources */,
				8DD24B822A7BEF24002C26E7 /* SceneDelegate.swift in Sources */,
				8D3CD69C2A7D109E0090DE7C /* ResultViewController.swift in Sources */,
				8D9FAD8E2A867787008A6658 /* ViewControllerFactory.swift in Sources */,
			);
			runOnlyForDeploymentPostprocessing = 0;
		};
		8DD24B8E2A7BEF26002C26E7 /* Sources */ = {
			isa = PBXSourcesBuildPhase;
			buildActionMask = 2147483647;
			files = (
				8D3CD69A2A7D10720090DE7C /* ResultViewControllerTest.swift in Sources */,
				8D9FAD8A2A863AB5008A6658 /* QuestionTest.swift in Sources */,
				8D9FAD902A86781D008A6658 /* iOSViewControllerFactoryTest.swift in Sources */,
				8D83FB812A8525B0008B5E18 /* NavigationControllerRouterTest.swift in Sources */,
				8DD24BB02A7BEF7E002C26E7 /* QuestionViewControllerTest.swift in Sources */,
				8DB9851A2A8E6D7C00FA68EB /* QuestionPresenterTest.swift in Sources */,
				8DD24B972A7BEF26002C26E7 /* QuizAppTests.swift in Sources */,
				8DBA45B72A7D190E0042E026 /* TableViewHelpers.swift in Sources */,
				8D27B5262A8E24C70014A965 /* ResultsPresenterTest.swift in Sources */,
			);
			runOnlyForDeploymentPostprocessing = 0;
		};
/* End PBXSourcesBuildPhase section */

/* Begin PBXTargetDependency section */
		8DD24B942A7BEF26002C26E7 /* PBXTargetDependency */ = {
			isa = PBXTargetDependency;
			target = 8DD24B7B2A7BEF24002C26E7 /* QuizApp */;
			targetProxy = 8DD24B932A7BEF26002C26E7 /* PBXContainerItemProxy */;
		};
/* End PBXTargetDependency section */

/* Begin PBXVariantGroup section */
		8DD24B8A2A7BEF26002C26E7 /* LaunchScreen.storyboard */ = {
			isa = PBXVariantGroup;
			children = (
				8DD24B8B2A7BEF26002C26E7 /* Base */,
			);
			name = LaunchScreen.storyboard;
			sourceTree = "<group>";
		};
/* End PBXVariantGroup section */

/* Begin XCBuildConfiguration section */
		8DD24BA42A7BEF26002C26E7 /* Debug */ = {
			isa = XCBuildConfiguration;
			buildSettings = {
				ALWAYS_SEARCH_USER_PATHS = NO;
				CLANG_ANALYZER_NONNULL = YES;
				CLANG_ANALYZER_NUMBER_OBJECT_CONVERSION = YES_AGGRESSIVE;
				CLANG_CXX_LANGUAGE_STANDARD = "gnu++20";
				CLANG_ENABLE_MODULES = YES;
				CLANG_ENABLE_OBJC_ARC = YES;
				CLANG_ENABLE_OBJC_WEAK = YES;
				CLANG_WARN_BLOCK_CAPTURE_AUTORELEASING = YES;
				CLANG_WARN_BOOL_CONVERSION = YES;
				CLANG_WARN_COMMA = YES;
				CLANG_WARN_CONSTANT_CONVERSION = YES;
				CLANG_WARN_DEPRECATED_OBJC_IMPLEMENTATIONS = YES;
				CLANG_WARN_DIRECT_OBJC_ISA_USAGE = YES_ERROR;
				CLANG_WARN_DOCUMENTATION_COMMENTS = YES;
				CLANG_WARN_EMPTY_BODY = YES;
				CLANG_WARN_ENUM_CONVERSION = YES;
				CLANG_WARN_INFINITE_RECURSION = YES;
				CLANG_WARN_INT_CONVERSION = YES;
				CLANG_WARN_NON_LITERAL_NULL_CONVERSION = YES;
				CLANG_WARN_OBJC_IMPLICIT_RETAIN_SELF = YES;
				CLANG_WARN_OBJC_LITERAL_CONVERSION = YES;
				CLANG_WARN_OBJC_ROOT_CLASS = YES_ERROR;
				CLANG_WARN_QUOTED_INCLUDE_IN_FRAMEWORK_HEADER = YES;
				CLANG_WARN_RANGE_LOOP_ANALYSIS = YES;
				CLANG_WARN_STRICT_PROTOTYPES = YES;
				CLANG_WARN_SUSPICIOUS_MOVE = YES;
				CLANG_WARN_UNGUARDED_AVAILABILITY = YES_AGGRESSIVE;
				CLANG_WARN_UNREACHABLE_CODE = YES;
				CLANG_WARN__DUPLICATE_METHOD_MATCH = YES;
				COPY_PHASE_STRIP = NO;
				DEBUG_INFORMATION_FORMAT = dwarf;
				ENABLE_STRICT_OBJC_MSGSEND = YES;
				ENABLE_TESTABILITY = YES;
				GCC_C_LANGUAGE_STANDARD = gnu11;
				GCC_DYNAMIC_NO_PIC = NO;
				GCC_NO_COMMON_BLOCKS = YES;
				GCC_OPTIMIZATION_LEVEL = 0;
				GCC_PREPROCESSOR_DEFINITIONS = (
					"DEBUG=1",
					"$(inherited)",
				);
				GCC_WARN_64_TO_32_BIT_CONVERSION = YES;
				GCC_WARN_ABOUT_RETURN_TYPE = YES_ERROR;
				GCC_WARN_UNDECLARED_SELECTOR = YES;
				GCC_WARN_UNINITIALIZED_AUTOS = YES_AGGRESSIVE;
				GCC_WARN_UNUSED_FUNCTION = YES;
				GCC_WARN_UNUSED_VARIABLE = YES;
				IPHONEOS_DEPLOYMENT_TARGET = 16.4;
				MTL_ENABLE_DEBUG_INFO = INCLUDE_SOURCE;
				MTL_FAST_MATH = YES;
				ONLY_ACTIVE_ARCH = YES;
				SDKROOT = iphoneos;
				SWIFT_ACTIVE_COMPILATION_CONDITIONS = DEBUG;
				SWIFT_OPTIMIZATION_LEVEL = "-Onone";
			};
			name = Debug;
		};
		8DD24BA52A7BEF26002C26E7 /* Release */ = {
			isa = XCBuildConfiguration;
			buildSettings = {
				ALWAYS_SEARCH_USER_PATHS = NO;
				CLANG_ANALYZER_NONNULL = YES;
				CLANG_ANALYZER_NUMBER_OBJECT_CONVERSION = YES_AGGRESSIVE;
				CLANG_CXX_LANGUAGE_STANDARD = "gnu++20";
				CLANG_ENABLE_MODULES = YES;
				CLANG_ENABLE_OBJC_ARC = YES;
				CLANG_ENABLE_OBJC_WEAK = YES;
				CLANG_WARN_BLOCK_CAPTURE_AUTORELEASING = YES;
				CLANG_WARN_BOOL_CONVERSION = YES;
				CLANG_WARN_COMMA = YES;
				CLANG_WARN_CONSTANT_CONVERSION = YES;
				CLANG_WARN_DEPRECATED_OBJC_IMPLEMENTATIONS = YES;
				CLANG_WARN_DIRECT_OBJC_ISA_USAGE = YES_ERROR;
				CLANG_WARN_DOCUMENTATION_COMMENTS = YES;
				CLANG_WARN_EMPTY_BODY = YES;
				CLANG_WARN_ENUM_CONVERSION = YES;
				CLANG_WARN_INFINITE_RECURSION = YES;
				CLANG_WARN_INT_CONVERSION = YES;
				CLANG_WARN_NON_LITERAL_NULL_CONVERSION = YES;
				CLANG_WARN_OBJC_IMPLICIT_RETAIN_SELF = YES;
				CLANG_WARN_OBJC_LITERAL_CONVERSION = YES;
				CLANG_WARN_OBJC_ROOT_CLASS = YES_ERROR;
				CLANG_WARN_QUOTED_INCLUDE_IN_FRAMEWORK_HEADER = YES;
				CLANG_WARN_RANGE_LOOP_ANALYSIS = YES;
				CLANG_WARN_STRICT_PROTOTYPES = YES;
				CLANG_WARN_SUSPICIOUS_MOVE = YES;
				CLANG_WARN_UNGUARDED_AVAILABILITY = YES_AGGRESSIVE;
				CLANG_WARN_UNREACHABLE_CODE = YES;
				CLANG_WARN__DUPLICATE_METHOD_MATCH = YES;
				COPY_PHASE_STRIP = NO;
				DEBUG_INFORMATION_FORMAT = "dwarf-with-dsym";
				ENABLE_NS_ASSERTIONS = NO;
				ENABLE_STRICT_OBJC_MSGSEND = YES;
				GCC_C_LANGUAGE_STANDARD = gnu11;
				GCC_NO_COMMON_BLOCKS = YES;
				GCC_WARN_64_TO_32_BIT_CONVERSION = YES;
				GCC_WARN_ABOUT_RETURN_TYPE = YES_ERROR;
				GCC_WARN_UNDECLARED_SELECTOR = YES;
				GCC_WARN_UNINITIALIZED_AUTOS = YES_AGGRESSIVE;
				GCC_WARN_UNUSED_FUNCTION = YES;
				GCC_WARN_UNUSED_VARIABLE = YES;
				IPHONEOS_DEPLOYMENT_TARGET = 16.4;
				MTL_ENABLE_DEBUG_INFO = NO;
				MTL_FAST_MATH = YES;
				SDKROOT = iphoneos;
				SWIFT_COMPILATION_MODE = wholemodule;
				SWIFT_OPTIMIZATION_LEVEL = "-O";
				VALIDATE_PRODUCT = YES;
			};
			name = Release;
		};
		8DD24BA72A7BEF26002C26E7 /* Debug */ = {
			isa = XCBuildConfiguration;
			buildSettings = {
				ASSETCATALOG_COMPILER_APPICON_NAME = AppIcon;
				ASSETCATALOG_COMPILER_GLOBAL_ACCENT_COLOR_NAME = AccentColor;
				CODE_SIGN_STYLE = Automatic;
				CURRENT_PROJECT_VERSION = 1;
				DEVELOPMENT_TEAM = 3DC3ZYH3WG;
				GENERATE_INFOPLIST_FILE = YES;
				INFOPLIST_FILE = QuizApp/Info.plist;
				INFOPLIST_KEY_UIApplicationSupportsIndirectInputEvents = YES;
				INFOPLIST_KEY_UILaunchStoryboardName = LaunchScreen;
				INFOPLIST_KEY_UIMainStoryboardFile = "";
				INFOPLIST_KEY_UISupportedInterfaceOrientations_iPad = "UIInterfaceOrientationPortrait UIInterfaceOrientationPortraitUpsideDown UIInterfaceOrientationLandscapeLeft UIInterfaceOrientationLandscapeRight";
				INFOPLIST_KEY_UISupportedInterfaceOrientations_iPhone = "UIInterfaceOrientationPortrait UIInterfaceOrientationLandscapeLeft UIInterfaceOrientationLandscapeRight";
				LD_RUNPATH_SEARCH_PATHS = (
					"$(inherited)",
					"@executable_path/Frameworks",
				);
				MARKETING_VERSION = 1.0;
				PRODUCT_BUNDLE_IDENTIFIER = erva.QuizApp;
				PRODUCT_NAME = "$(TARGET_NAME)";
				SWIFT_EMIT_LOC_STRINGS = YES;
				SWIFT_VERSION = 5.0;
				TARGETED_DEVICE_FAMILY = "1,2";
			};
			name = Debug;
		};
		8DD24BA82A7BEF26002C26E7 /* Release */ = {
			isa = XCBuildConfiguration;
			buildSettings = {
				ASSETCATALOG_COMPILER_APPICON_NAME = AppIcon;
				ASSETCATALOG_COMPILER_GLOBAL_ACCENT_COLOR_NAME = AccentColor;
				CODE_SIGN_STYLE = Automatic;
				CURRENT_PROJECT_VERSION = 1;
				DEVELOPMENT_TEAM = 3DC3ZYH3WG;
				GENERATE_INFOPLIST_FILE = YES;
				INFOPLIST_FILE = QuizApp/Info.plist;
				INFOPLIST_KEY_UIApplicationSupportsIndirectInputEvents = YES;
				INFOPLIST_KEY_UILaunchStoryboardName = LaunchScreen;
				INFOPLIST_KEY_UIMainStoryboardFile = "";
				INFOPLIST_KEY_UISupportedInterfaceOrientations_iPad = "UIInterfaceOrientationPortrait UIInterfaceOrientationPortraitUpsideDown UIInterfaceOrientationLandscapeLeft UIInterfaceOrientationLandscapeRight";
				INFOPLIST_KEY_UISupportedInterfaceOrientations_iPhone = "UIInterfaceOrientationPortrait UIInterfaceOrientationLandscapeLeft UIInterfaceOrientationLandscapeRight";
				LD_RUNPATH_SEARCH_PATHS = (
					"$(inherited)",
					"@executable_path/Frameworks",
				);
				MARKETING_VERSION = 1.0;
				PRODUCT_BUNDLE_IDENTIFIER = erva.QuizApp;
				PRODUCT_NAME = "$(TARGET_NAME)";
				SWIFT_EMIT_LOC_STRINGS = YES;
				SWIFT_VERSION = 5.0;
				TARGETED_DEVICE_FAMILY = "1,2";
			};
			name = Release;
		};
		8DD24BAA2A7BEF26002C26E7 /* Debug */ = {
			isa = XCBuildConfiguration;
			buildSettings = {
				ALWAYS_EMBED_SWIFT_STANDARD_LIBRARIES = YES;
				BUNDLE_LOADER = "$(TEST_HOST)";
				CODE_SIGN_STYLE = Automatic;
				CURRENT_PROJECT_VERSION = 1;
				DEVELOPMENT_TEAM = 3DC3ZYH3WG;
				GENERATE_INFOPLIST_FILE = YES;
				IPHONEOS_DEPLOYMENT_TARGET = 16.4;
				MARKETING_VERSION = 1.0;
				PRODUCT_BUNDLE_IDENTIFIER = erva.QuizAppTests;
				PRODUCT_NAME = "$(TARGET_NAME)";
				SWIFT_EMIT_LOC_STRINGS = NO;
				SWIFT_VERSION = 5.0;
				TARGETED_DEVICE_FAMILY = "1,2";
				TEST_HOST = "$(BUILT_PRODUCTS_DIR)/QuizApp.app/$(BUNDLE_EXECUTABLE_FOLDER_PATH)/QuizApp";
			};
			name = Debug;
		};
		8DD24BAB2A7BEF26002C26E7 /* Release */ = {
			isa = XCBuildConfiguration;
			buildSettings = {
				ALWAYS_EMBED_SWIFT_STANDARD_LIBRARIES = YES;
				BUNDLE_LOADER = "$(TEST_HOST)";
				CODE_SIGN_STYLE = Automatic;
				CURRENT_PROJECT_VERSION = 1;
				DEVELOPMENT_TEAM = 3DC3ZYH3WG;
				GENERATE_INFOPLIST_FILE = YES;
				IPHONEOS_DEPLOYMENT_TARGET = 16.4;
				MARKETING_VERSION = 1.0;
				PRODUCT_BUNDLE_IDENTIFIER = erva.QuizAppTests;
				PRODUCT_NAME = "$(TARGET_NAME)";
				SWIFT_EMIT_LOC_STRINGS = NO;
				SWIFT_VERSION = 5.0;
				TARGETED_DEVICE_FAMILY = "1,2";
				TEST_HOST = "$(BUILT_PRODUCTS_DIR)/QuizApp.app/$(BUNDLE_EXECUTABLE_FOLDER_PATH)/QuizApp";
			};
			name = Release;
		};
/* End XCBuildConfiguration section */

/* Begin XCConfigurationList section */
		8DD24B772A7BEF24002C26E7 /* Build configuration list for PBXProject "QuizApp" */ = {
			isa = XCConfigurationList;
			buildConfigurations = (
				8DD24BA42A7BEF26002C26E7 /* Debug */,
				8DD24BA52A7BEF26002C26E7 /* Release */,
			);
			defaultConfigurationIsVisible = 0;
			defaultConfigurationName = Release;
		};
		8DD24BA62A7BEF26002C26E7 /* Build configuration list for PBXNativeTarget "QuizApp" */ = {
			isa = XCConfigurationList;
			buildConfigurations = (
				8DD24BA72A7BEF26002C26E7 /* Debug */,
				8DD24BA82A7BEF26002C26E7 /* Release */,
			);
			defaultConfigurationIsVisible = 0;
			defaultConfigurationName = Release;
		};
		8DD24BA92A7BEF26002C26E7 /* Build configuration list for PBXNativeTarget "QuizAppTests" */ = {
			isa = XCConfigurationList;
			buildConfigurations = (
				8DD24BAA2A7BEF26002C26E7 /* Debug */,
				8DD24BAB2A7BEF26002C26E7 /* Release */,
			);
			defaultConfigurationIsVisible = 0;
			defaultConfigurationName = Release;
		};
/* End XCConfigurationList section */
	};
	rootObject = 8DD24B742A7BEF24002C26E7 /* Project object */;
}
